
Microsoft Visual Studio Solution File, Format Version 12.00
# Visual Studio Version 16
VisualStudioVersion = 16.0.31515.178
MinimumVisualStudioVersion = 10.0.40219.1
Project("{FAE04EC0-301F-11D3-BF4B-00C04F79EFBC}") = "GMS2IDGen", "GMS2IDGen\GMS2IDGen.csproj", "{88F811EE-4BBC-49D4-B5E4-6F277C07C8FB}"
EndProject
Global
	GlobalSection(SolutionConfigurationPlatforms) = preSolution
		Debug|Any CPU = Debug|Any CPU
		Release|Any CPU = Release|Any CPU
	EndGlobalSection
	GlobalSection(ProjectConfigurationPlatforms) = postSolution
		{88F811EE-4BBC-49D4-B5E4-6F277C07C8FB}.Debug|Any CPU.ActiveCfg = Debug|Any CPU
		{88F811EE-4BBC-49D4-B5E4-6F277C07C8FB}.Debug|Any CPU.Build.0 = Debug|Any CPU
		{88F811EE-4BBC-49D4-B5E4-6F277C07C8FB}.Release|Any CPU.ActiveCfg = Release|Any CPU
		{88F811EE-4BBC-49D4-B5E4-6F277C07C8FB}.Release|Any CPU.Build.0 = Release|Any CPU
	EndGlobalSection
	GlobalSection(SolutionProperties) = preSolution
		HideSolutionNode = FALSE
	EndGlobalSection
	GlobalSection(ExtensibilityGlobals) = postSolution
		SolutionGuid = {F36BF25A-C321-47E4-A65A-4DC8CE656DA2}
	EndGlobalSection
EndGlobal
